
Microsoft Visual Studio Solution File, Format Version 12.00
# Visual Studio Version 16
VisualStudioVersion = 16.0.30709.132
MinimumVisualStudioVersion = 10.0.40219.1
Project("{9A19103F-16F7-4668-BE54-9A1E7A4F7556}") = "GrpcServiceMock", "GrpcServiceMock\GrpcServiceMock.csproj", "{041A1FB0-DBD8-4EC5-8890-009925DEEFA6}"
EndProject
Project("{9A19103F-16F7-4668-BE54-9A1E7A4F7556}") = "CFPlusMock", "CFPlusMock\CFPlusMock.csproj", "{A27F37CD-9658-45DB-BA86-35F28ADB3A4A}"
EndProject
Project("{2150E333-8FDC-42A3-9474-1A3956D46DE8}") = "Protos", "Protos", "{410D5EB8-19A3-42E6-9B09-754F6922586A}"
	ProjectSection(SolutionItems) = preProject
		DeviceRegistration.proto = DeviceRegistration.proto
	EndProjectSection
EndProject
Project("{2150E333-8FDC-42A3-9474-1A3956D46DE8}") = "Data", "Data", "{C970E4A6-512F-401F-ABCF-C9FDE5DAE35C}"
	ProjectSection(SolutionItems) = preProject
		Device.json = Device.json
	EndProjectSection
EndProject
Global
	GlobalSection(SolutionConfigurationPlatforms) = preSolution
		Debug|Any CPU = Debug|Any CPU
		Release|Any CPU = Release|Any CPU
	EndGlobalSection
	GlobalSection(ProjectConfigurationPlatforms) = postSolution
		{041A1FB0-DBD8-4EC5-8890-009925DEEFA6}.Debug|Any CPU.ActiveCfg = Debug|Any CPU
		{041A1FB0-DBD8-4EC5-8890-009925DEEFA6}.Debug|Any CPU.Build.0 = Debug|Any CPU
		{041A1FB0-DBD8-4EC5-8890-009925DEEFA6}.Release|Any CPU.ActiveCfg = Release|Any CPU
		{041A1FB0-DBD8-4EC5-8890-009925DEEFA6}.Release|Any CPU.Build.0 = Release|Any CPU
		{A27F37CD-9658-45DB-BA86-35F28ADB3A4A}.Debug|Any CPU.ActiveCfg = Debug|Any CPU
		{A27F37CD-9658-45DB-BA86-35F28ADB3A4A}.Debug|Any CPU.Build.0 = Debug|Any CPU
		{A27F37CD-9658-45DB-BA86-35F28ADB3A4A}.Release|Any CPU.ActiveCfg = Release|Any CPU
		{A27F37CD-9658-45DB-BA86-35F28ADB3A4A}.Release|Any CPU.Build.0 = Release|Any CPU
	EndGlobalSection
	GlobalSection(SolutionProperties) = preSolution
		HideSolutionNode = FALSE
	EndGlobalSection
	GlobalSection(ExtensibilityGlobals) = postSolution
		SolutionGuid = {3CB13405-CC2D-4967-A62A-16A283A43874}
	EndGlobalSection
EndGlobal
